{
    "_readme": [
        "This file locks the dependencies of your project to a known state",
        "Read more about it at https://getcomposer.org/doc/01-basic-usage.md#installing-dependencies",
        "This file is @generated automatically"
    ],
    "content-hash": "8db652d1988e30f35f15c86b23483a00",
    "packages": [
        {
            "name": "composer/ca-bundle",
            "version": "dev-main",
            "source": {
                "type": "git",
                "url": "https://github.com/composer/ca-bundle.git",
                "reference": "98fc23fde70b2cb3134ae56614064ab8780283e1"
            },
            "dist": {
                "type": "zip",
                "url": "https://api.github.com/repos/composer/ca-bundle/zipball/98fc23fde70b2cb3134ae56614064ab8780283e1",
                "reference": "98fc23fde70b2cb3134ae56614064ab8780283e1",
                "shasum": ""
            },
            "require": {
                "ext-openssl": "*",
                "ext-pcre": "*",
                "php": "^5.3.2 || ^7.0 || ^8.0"
            },
            "require-dev": {
                "phpstan/phpstan": "^0.12.55",
                "psr/log": "^1.0",
                "symfony/phpunit-bridge": "^4.2 || ^5",
                "symfony/process": "^2.5 || ^3.0 || ^4.0 || ^5.0 || ^6.0"
            },
            "default-branch": true,
            "type": "library",
            "extra": {
                "branch-alias": {
                    "dev-main": "1.x-dev"
                }
            },
            "autoload": {
                "psr-4": {
                    "Composer\\CaBundle\\": "src"
                }
            },
            "notification-url": "https://packagist.org/downloads/",
            "license": [
                "MIT"
            ],
            "authors": [
                {
                    "name": "Jordi Boggiano",
                    "email": "j.boggiano@seld.be",
                    "homepage": "http://seld.be"
                }
            ],
            "description": "Lets you find a path to the system CA bundle, and includes a fallback to the Mozilla CA bundle.",
            "keywords": [
                "cabundle",
                "cacert",
                "certificate",
                "ssl",
                "tls"
            ],
            "support": {
                "irc": "irc://irc.freenode.org/composer",
                "issues": "https://github.com/composer/ca-bundle/issues",
                "source": "https://github.com/composer/ca-bundle/tree/main"
            },
            "funding": [
                {
                    "url": "https://packagist.com",
                    "type": "custom"
                },
                {
                    "url": "https://github.com/composer",
                    "type": "github"
                },
                {
                    "url": "https://tidelift.com/funding/github/packagist/composer/composer",
                    "type": "tidelift"
                }
            ],
            "time": "2021-06-27T11:41:30+00:00"
        },
        {
            "name": "embed/embed",
            "version": "v4.3.4",
            "source": {
                "type": "git",
                "url": "https://github.com/oscarotero/Embed.git",
                "reference": "3efed0e92bc3e26e4c77d6ead4b230076ce766ec"
            },
            "dist": {
                "type": "zip",
                "url": "https://api.github.com/repos/oscarotero/Embed/zipball/3efed0e92bc3e26e4c77d6ead4b230076ce766ec",
                "reference": "3efed0e92bc3e26e4c77d6ead4b230076ce766ec",
                "shasum": ""
            },
            "require": {
                "composer/ca-bundle": "^1.0",
                "ext-curl": "*",
                "ext-dom": "*",
                "ext-json": "*",
                "ext-mbstring": "*",
                "ml/json-ld": "^1.1",
                "oscarotero/html-parser": "^0.1.4",
                "php": "^7.4|^8",
                "psr/http-client": "^1.0",
                "psr/http-factory": "^1.0",
                "psr/http-message": "^1.0"
            },
            "require-dev": {
                "brick/varexporter": "^0.3.1",
                "friendsofphp/php-cs-fixer": "^2.0",
                "nyholm/psr7": "^1.2",
                "oscarotero/php-cs-fixer-config": "^1.0",
                "phpunit/phpunit": "^9.0",
                "symfony/css-selector": "^5.0"
            },
            "suggest": {
                "symfony/css-selector": "If you want to get elements using css selectors"
            },
            "type": "library",
            "autoload": {
                "psr-4": {
                    "Embed\\": "src"
                },
                "files": [
                    "src/functions.php"
                ]
            },
            "notification-url": "https://packagist.org/downloads/",
            "license": [
                "MIT"
            ],
            "authors": [
                {
                    "name": "Oscar Otero",
                    "email": "oom@oscarotero.com",
                    "homepage": "http://oscarotero.com",
                    "role": "Developer"
                }
            ],
            "description": "PHP library to retrieve page info using oembed, opengraph, etc",
            "homepage": "https://github.com/oscarotero/Embed",
            "keywords": [
                "embed",
                "embedly",
                "oembed",
                "opengraph",
                "twitter cards"
            ],
            "support": {
                "email": "oom@oscarotero.com",
                "issues": "https://github.com/oscarotero/Embed/issues",
                "source": "https://github.com/oscarotero/Embed/tree/v4.3.4"
            },
            "time": "2021-06-22T18:10:12+00:00"
        },
        {
            "name": "ml/iri",
            "version": "1.1.4",
            "target-dir": "ML/IRI",
            "source": {
                "type": "git",
                "url": "https://github.com/lanthaler/IRI.git",
                "reference": "cbd44fa913e00ea624241b38cefaa99da8d71341"
            },
            "dist": {
                "type": "zip",
                "url": "https://api.github.com/repos/lanthaler/IRI/zipball/cbd44fa913e00ea624241b38cefaa99da8d71341",
                "reference": "cbd44fa913e00ea624241b38cefaa99da8d71341",
                "shasum": ""
            },
            "require": {
                "lib-pcre": ">=4.0",
                "php": ">=5.3.0"
            },
            "type": "library",
            "autoload": {
                "psr-0": {
                    "ML\\IRI": ""
                }
            },
            "notification-url": "https://packagist.org/downloads/",
            "license": [
                "MIT"
            ],
            "authors": [
                {
                    "name": "Markus Lanthaler",
                    "email": "mail@markus-lanthaler.com",
                    "homepage": "http://www.markus-lanthaler.com",
                    "role": "Developer"
                }
            ],
            "description": "IRI handling for PHP",
            "homepage": "http://www.markus-lanthaler.com",
            "keywords": [
                "URN",
                "iri",
                "uri",
                "url"
            ],
            "support": {
                "issues": "https://github.com/lanthaler/IRI/issues",
                "source": "https://github.com/lanthaler/IRI/tree/master"
            },
            "time": "2014-01-21T13:43:39+00:00"
        },
        {
            "name": "ml/json-ld",
            "version": "1.2.0",
            "source": {
                "type": "git",
                "url": "https://github.com/lanthaler/JsonLD.git",
                "reference": "c74a1aed5979ed1cfb1be35a55a305fd30e30b93"
            },
            "dist": {
                "type": "zip",
                "url": "https://api.github.com/repos/lanthaler/JsonLD/zipball/c74a1aed5979ed1cfb1be35a55a305fd30e30b93",
                "reference": "c74a1aed5979ed1cfb1be35a55a305fd30e30b93",
                "shasum": ""
            },
            "require": {
                "ext-json": "*",
                "ml/iri": "^1.1.1",
                "php": ">=5.3.0"
            },
            "require-dev": {
                "json-ld/tests": "1.0",
                "phpunit/phpunit": "^4"
            },
            "type": "library",
            "autoload": {
                "psr-4": {
                    "ML\\JsonLD\\": ""
                }
            },
            "notification-url": "https://packagist.org/downloads/",
            "license": [
                "MIT"
            ],
            "authors": [
                {
                    "name": "Markus Lanthaler",
                    "email": "mail@markus-lanthaler.com",
                    "homepage": "http://www.markus-lanthaler.com",
                    "role": "Developer"
                }
            ],
            "description": "JSON-LD Processor for PHP",
            "homepage": "http://www.markus-lanthaler.com",
            "keywords": [
                "JSON-LD",
                "jsonld"
            ],
            "support": {
                "issues": "https://github.com/lanthaler/JsonLD/issues",
                "source": "https://github.com/lanthaler/JsonLD/tree/1.2.0"
            },
            "time": "2020-06-16T17:45:06+00:00"
        },
        {
            "name": "nyholm/psr7",
            "version": "1.4.1",
            "source": {
                "type": "git",
                "url": "https://github.com/Nyholm/psr7.git",
                "reference": "2212385b47153ea71b1c1b1374f8cb5e4f7892ec"
            },
            "dist": {
                "type": "zip",
                "url": "https://api.github.com/repos/Nyholm/psr7/zipball/2212385b47153ea71b1c1b1374f8cb5e4f7892ec",
                "reference": "2212385b47153ea71b1c1b1374f8cb5e4f7892ec",
                "shasum": ""
            },
            "require": {
                "php": ">=7.1",
                "php-http/message-factory": "^1.0",
                "psr/http-factory": "^1.0",
                "psr/http-message": "^1.0"
            },
            "provide": {
                "psr/http-factory-implementation": "1.0",
                "psr/http-message-implementation": "1.0"
            },
            "require-dev": {
                "http-interop/http-factory-tests": "^0.9",
                "php-http/psr7-integration-tests": "^1.0",
                "phpunit/phpunit": "^7.5 || 8.5 || 9.4",
                "symfony/error-handler": "^4.4"
            },
            "type": "library",
            "extra": {
                "branch-alias": {
                    "dev-master": "1.4-dev"
                }
            },
            "autoload": {
                "psr-4": {
                    "Nyholm\\Psr7\\": "src/"
                }
            },
            "notification-url": "https://packagist.org/downloads/",
            "license": [
                "MIT"
            ],
            "authors": [
                {
                    "name": "Tobias Nyholm",
                    "email": "tobias.nyholm@gmail.com"
                },
                {
                    "name": "Martijn van der Ven",
                    "email": "martijn@vanderven.se"
                }
            ],
            "description": "A fast PHP7 implementation of PSR-7",
            "homepage": "https://tnyholm.se",
            "keywords": [
                "psr-17",
                "psr-7"
            ],
            "support": {
                "issues": "https://github.com/Nyholm/psr7/issues",
                "source": "https://github.com/Nyholm/psr7/tree/1.4.1"
            },
            "funding": [
                {
                    "url": "https://github.com/Zegnat",
                    "type": "github"
                },
                {
                    "url": "https://github.com/nyholm",
                    "type": "github"
                }
            ],
            "time": "2021-07-02T08:32:20+00:00"
        },
        {
            "name": "oscarotero/html-parser",
            "version": "v0.1.6",
            "source": {
                "type": "git",
                "url": "https://github.com/oscarotero/html-parser.git",
                "reference": "b61e92f634d0dc184339d24630a6968d3ac64ded"
            },
            "dist": {
                "type": "zip",
                "url": "https://api.github.com/repos/oscarotero/html-parser/zipball/b61e92f634d0dc184339d24630a6968d3ac64ded",
                "reference": "b61e92f634d0dc184339d24630a6968d3ac64ded",
                "shasum": ""
            },
            "require": {
                "php": "^7.2 || ^8"
            },
            "require-dev": {
                "friendsofphp/php-cs-fixer": "^2.11",
                "phpunit/phpunit": "^8.0"
            },
            "type": "library",
            "autoload": {
                "psr-4": {
                    "HtmlParser\\": "src"
                }
            },
            "notification-url": "https://packagist.org/downloads/",
            "license": [
                "MIT"
            ],
            "authors": [
                {
                    "name": "Oscar Otero",
                    "email": "oom@oscarotero.com",
                    "homepage": "http://oscarotero.com",
                    "role": "Developer"
                }
            ],
            "description": "Parse html strings to DOMDocument",
            "homepage": "https://github.com/oscarotero/html-parser",
            "keywords": [
                "dom",
                "html",
                "parser"
            ],
            "support": {
                "email": "oom@oscarotero.com",
                "issues": "https://github.com/oscarotero/html-parser/issues",
                "source": "https://github.com/oscarotero/html-parser/tree/v0.1.6"
            },
            "time": "2020-11-19T17:43:46+00:00"
        },
        {
            "name": "php-http/message-factory",
            "version": "dev-master",
            "source": {
                "type": "git",
                "url": "https://github.com/php-http/message-factory.git",
                "reference": "597f30e6dfd32a85fd7dbe58cb47554b5bad910e"
            },
            "dist": {
                "type": "zip",
                "url": "https://api.github.com/repos/php-http/message-factory/zipball/597f30e6dfd32a85fd7dbe58cb47554b5bad910e",
                "reference": "597f30e6dfd32a85fd7dbe58cb47554b5bad910e",
                "shasum": ""
            },
            "require": {
                "php": ">=5.4",
                "psr/http-message": "^1.0"
            },
            "default-branch": true,
            "type": "library",
            "extra": {
                "branch-alias": {
                    "dev-master": "1.0-dev"
                }
            },
            "autoload": {
                "psr-4": {
                    "Http\\Message\\": "src/"
                }
            },
            "notification-url": "https://packagist.org/downloads/",
            "license": [
                "MIT"
            ],
            "authors": [
                {
                    "name": "Márk Sági-Kazár",
                    "email": "mark.sagikazar@gmail.com"
                }
            ],
            "description": "Factory interfaces for PSR-7 HTTP Message",
            "homepage": "http://php-http.org",
            "keywords": [
                "factory",
                "http",
                "message",
                "stream",
                "uri"
            ],
            "support": {
                "issues": "https://github.com/php-http/message-factory/issues",
                "source": "https://github.com/php-http/message-factory/tree/master"
            },
            "time": "2018-12-06T18:41:41+00:00"
        },
        {
            "name": "psr/http-client",
            "version": "dev-master",
            "source": {
                "type": "git",
                "url": "https://github.com/php-fig/http-client.git",
                "reference": "22b2ef5687f43679481615605d7a15c557ce85b1"
            },
            "dist": {
                "type": "zip",
                "url": "https://api.github.com/repos/php-fig/http-client/zipball/22b2ef5687f43679481615605d7a15c557ce85b1",
                "reference": "22b2ef5687f43679481615605d7a15c557ce85b1",
                "shasum": ""
            },
            "require": {
                "php": "^7.0 || ^8.0",
                "psr/http-message": "^1.0"
            },
            "default-branch": true,
            "type": "library",
            "extra": {
                "branch-alias": {
                    "dev-master": "1.0.x-dev"
                }
            },
            "autoload": {
                "psr-4": {
                    "Psr\\Http\\Client\\": "src/"
                }
            },
            "notification-url": "https://packagist.org/downloads/",
            "license": [
                "MIT"
            ],
            "authors": [
                {
                    "name": "PHP-FIG",
                    "homepage": "https://www.php-fig.org/"
                }
            ],
            "description": "Common interface for HTTP clients",
            "homepage": "https://github.com/php-fig/http-client",
            "keywords": [
                "http",
                "http-client",
                "psr",
                "psr-18"
            ],
            "support": {
                "source": "https://github.com/php-fig/http-client/tree/master"
            },
            "time": "2020-09-19T09:12:31+00:00"
        },
        {
            "name": "psr/http-factory",
            "version": "dev-master",
            "source": {
                "type": "git",
                "url": "https://github.com/php-fig/http-factory.git",
                "reference": "36fa03d50ff82abcae81860bdaf4ed9a1510c7cd"
            },
            "dist": {
                "type": "zip",
                "url": "https://api.github.com/repos/php-fig/http-factory/zipball/36fa03d50ff82abcae81860bdaf4ed9a1510c7cd",
                "reference": "36fa03d50ff82abcae81860bdaf4ed9a1510c7cd",
                "shasum": ""
            },
            "require": {
                "php": ">=7.0.0",
                "psr/http-message": "^1.0"
            },
            "default-branch": true,
            "type": "library",
            "extra": {
                "branch-alias": {
                    "dev-master": "1.0.x-dev"
                }
            },
            "autoload": {
                "psr-4": {
                    "Psr\\Http\\Message\\": "src/"
                }
            },
            "notification-url": "https://packagist.org/downloads/",
            "license": [
                "MIT"
            ],
            "authors": [
                {
                    "name": "PHP-FIG",
                    "homepage": "https://www.php-fig.org/"
                }
            ],
            "description": "Common interfaces for PSR-7 HTTP message factories",
            "keywords": [
                "factory",
                "http",
                "message",
                "psr",
                "psr-17",
                "psr-7",
                "request",
                "response"
            ],
            "support": {
                "source": "https://github.com/php-fig/http-factory/tree/master"
            },
            "time": "2020-09-17T16:52:55+00:00"
        },
        {
            "name": "psr/http-message",
            "version": "dev-master",
            "source": {
                "type": "git",
                "url": "https://github.com/php-fig/http-message.git",
                "reference": "efd67d1dc14a7ef4fc4e518e7dee91c271d524e4"
            },
            "dist": {
                "type": "zip",
                "url": "https://api.github.com/repos/php-fig/http-message/zipball/efd67d1dc14a7ef4fc4e518e7dee91c271d524e4",
                "reference": "efd67d1dc14a7ef4fc4e518e7dee91c271d524e4",
                "shasum": ""
            },
            "require": {
                "php": ">=5.3.0"
            },
            "default-branch": true,
            "type": "library",
            "extra": {
                "branch-alias": {
                    "dev-master": "1.0.x-dev"
                }
            },
            "autoload": {
                "psr-4": {
                    "Psr\\Http\\Message\\": "src/"
                }
            },
            "notification-url": "https://packagist.org/downloads/",
            "license": [
                "MIT"
            ],
            "authors": [
                {
                    "name": "PHP-FIG",
                    "homepage": "http://www.php-fig.org/"
                }
            ],
            "description": "Common interface for HTTP messages",
            "homepage": "https://github.com/php-fig/http-message",
            "keywords": [
                "http",
                "http-message",
                "psr",
                "psr-7",
                "request",
                "response"
            ],
            "support": {
                "source": "https://github.com/php-fig/http-message/tree/master"
            },
            "time": "2019-08-29T13:16:46+00:00"
        }
    ],
    "packages-dev": [],
    "aliases": [],
    "minimum-stability": "dev",
    "stability-flags": [],
    "prefer-stable": true,
    "prefer-lowest": false,
    "platform": [],
    "platform-dev": [],
    "plugin-api-version": "2.0.0"
}
